
Microsoft Visual Studio Solution File, Format Version 12.00
# Visual Studio Version 17
VisualStudioVersion = 17.10.35013.160
MinimumVisualStudioVersion = 10.0.40219.1
Project("{9A19103F-16F7-4668-BE54-9A1E7A4F7556}") = "DAL", "DAL\DAL.csproj", "{94CEF8E8-AC77-441F-A5EC-DF2DDE82B571}"
EndProject
Project("{9A19103F-16F7-4668-BE54-9A1E7A4F7556}") = "ENTITIES", "ENTITIES\ENTITIES.csproj", "{49F1157A-C072-4021-802F-3C3304FA82CC}"
EndProject
Project("{9A19103F-16F7-4668-BE54-9A1E7A4F7556}") = "ConsoleAppTestDAL", "ConsoleAppTestDAL\ConsoleAppTestDAL.csproj", "{DDB16C8F-9700-4D3F-92B7-6FF5F9B868E9}"
EndProject
Project("{FAE04EC0-301F-11D3-BF4B-00C04F79EFBC}") = "BLL", "BLL\BLL.csproj", "{5EE615CB-1036-4D39-9735-D19E87602A93}"
EndProject
Global
	GlobalSection(SolutionConfigurationPlatforms) = preSolution
		Debug|Any CPU = Debug|Any CPU
		Release|Any CPU = Release|Any CPU
	EndGlobalSection
	GlobalSection(ProjectConfigurationPlatforms) = postSolution
		{94CEF8E8-AC77-441F-A5EC-DF2DDE82B571}.Debug|Any CPU.ActiveCfg = Debug|Any CPU
		{94CEF8E8-AC77-441F-A5EC-DF2DDE82B571}.Debug|Any CPU.Build.0 = Debug|Any CPU
		{94CEF8E8-AC77-441F-A5EC-DF2DDE82B571}.Release|Any CPU.ActiveCfg = Release|Any CPU
		{94CEF8E8-AC77-441F-A5EC-DF2DDE82B571}.Release|Any CPU.Build.0 = Release|Any CPU
		{49F1157A-C072-4021-802F-3C3304FA82CC}.Debug|Any CPU.ActiveCfg = Debug|Any CPU
		{49F1157A-C072-4021-802F-3C3304FA82CC}.Debug|Any CPU.Build.0 = Debug|Any CPU
		{49F1157A-C072-4021-802F-3C3304FA82CC}.Release|Any CPU.ActiveCfg = Release|Any CPU
		{49F1157A-C072-4021-802F-3C3304FA82CC}.Release|Any CPU.Build.0 = Release|Any CPU
		{DDB16C8F-9700-4D3F-92B7-6FF5F9B868E9}.Debug|Any CPU.ActiveCfg = Debug|Any CPU
		{DDB16C8F-9700-4D3F-92B7-6FF5F9B868E9}.Debug|Any CPU.Build.0 = Debug|Any CPU
		{DDB16C8F-9700-4D3F-92B7-6FF5F9B868E9}.Release|Any CPU.ActiveCfg = Release|Any CPU
		{DDB16C8F-9700-4D3F-92B7-6FF5F9B868E9}.Release|Any CPU.Build.0 = Release|Any CPU
		{5EE615CB-1036-4D39-9735-D19E87602A93}.Debug|Any CPU.ActiveCfg = Debug|Any CPU
		{5EE615CB-1036-4D39-9735-D19E87602A93}.Debug|Any CPU.Build.0 = Debug|Any CPU
		{5EE615CB-1036-4D39-9735-D19E87602A93}.Release|Any CPU.ActiveCfg = Release|Any CPU
		{5EE615CB-1036-4D39-9735-D19E87602A93}.Release|Any CPU.Build.0 = Release|Any CPU
	EndGlobalSection
	GlobalSection(SolutionProperties) = preSolution
		HideSolutionNode = FALSE
	EndGlobalSection
	GlobalSection(ExtensibilityGlobals) = postSolution
		SolutionGuid = {4B8A77D2-C0B0-4228-AECF-97550CB2C2F6}
	EndGlobalSection
EndGlobal
